
Microsoft Visual Studio Solution File, Format Version 12.00
# Visual Studio Version 16
VisualStudioVersion = 16.0.30002.166
MinimumVisualStudioVersion = 10.0.40219.1
Project("{FAE04EC0-301F-11D3-BF4B-00C04F79EFBC}") = "PermissionsSample", "PermissionsSample\PermissionsSample\PermissionsSample.csproj", "{6B9FD358-774A-4B06-BA02-D78B5FAA9F85}"
EndProject
Project("{FAE04EC0-301F-11D3-BF4B-00C04F79EFBC}") = "PermissionsSample.Droid", "PermissionsSample\PermissionsSample.Droid\PermissionsSample.Droid.csproj", "{4EC7D108-1C68-4666-8676-500A09D4D2B9}"
EndProject
Project("{FAE04EC0-301F-11D3-BF4B-00C04F79EFBC}") = "PermissionsSample.iOS", "PermissionsSample\PermissionsSample.iOS\PermissionsSample.iOS.csproj", "{24C09130-BDE2-4E54-A761-860B0F0EF662}"
EndProject
Project("{FAE04EC0-301F-11D3-BF4B-00C04F79EFBC}") = "PermissionsSample.UWP", "PermissionsSample\PermissionsSample.UWP\PermissionsSample.UWP.csproj", "{03A44514-6155-43BE-8DEA-DB1F3E4F87AD}"
EndProject
Global
	GlobalSection(SolutionConfigurationPlatforms) = preSolution
		Debug|Any CPU = Debug|Any CPU
		Debug|ARM = Debug|ARM
		Debug|iPhone = Debug|iPhone
		Debug|iPhoneSimulator = Debug|iPhoneSimulator
		Debug|x64 = Debug|x64
		Debug|x86 = Debug|x86
		Release|Any CPU = Release|Any CPU
		Release|ARM = Release|ARM
		Release|iPhone = Release|iPhone
		Release|iPhoneSimulator = Release|iPhoneSimulator
		Release|x64 = Release|x64
		Release|x86 = Release|x86
	EndGlobalSection
	GlobalSection(ProjectConfigurationPlatforms) = postSolution
		{6B9FD358-774A-4B06-BA02-D78B5FAA9F85}.Debug|Any CPU.ActiveCfg = Debug|Any CPU
		{6B9FD358-774A-4B06-BA02-D78B5FAA9F85}.Debug|Any CPU.Build.0 = Debug|Any CPU
		{6B9FD358-774A-4B06-BA02-D78B5FAA9F85}.Debug|ARM.ActiveCfg = Debug|Any CPU
		{6B9FD358-774A-4B06-BA02-D78B5FAA9F85}.Debug|ARM.Build.0 = Debug|Any CPU
		{6B9FD358-774A-4B06-BA02-D78B5FAA9F85}.Debug|iPhone.ActiveCfg = Debug|Any CPU
		{6B9FD358-774A-4B06-BA02-D78B5FAA9F85}.Debug|iPhone.Build.0 = Debug|Any CPU
		{6B9FD358-774A-4B06-BA02-D78B5FAA9F85}.Debug|iPhoneSimulator.ActiveCfg = Debug|Any CPU
		{6B9FD358-774A-4B06-BA02-D78B5FAA9F85}.Debug|iPhoneSimulator.Build.0 = Debug|Any CPU
		{6B9FD358-774A-4B06-BA02-D78B5FAA9F85}.Debug|x64.ActiveCfg = Debug|Any CPU
		{6B9FD358-774A-4B06-BA02-D78B5FAA9F85}.Debug|x64.Build.0 = Debug|Any CPU
		{6B9FD358-774A-4B06-BA02-D78B5FAA9F85}.Debug|x86.ActiveCfg = Debug|Any CPU
		{6B9FD358-774A-4B06-BA02-D78B5FAA9F85}.Debug|x86.Build.0 = Debug|Any CPU
		{6B9FD358-774A-4B06-BA02-D78B5FAA9F85}.Release|Any CPU.ActiveCfg = Release|Any CPU
		{6B9FD358-774A-4B06-BA02-D78B5FAA9F85}.Release|Any CPU.Build.0 = Release|Any CPU
		{6B9FD358-774A-4B06-BA02-D78B5FAA9F85}.Release|ARM.ActiveCfg = Release|Any CPU
		{6B9FD358-774A-4B06-BA02-D78B5FAA9F85}.Release|ARM.Build.0 = Release|Any CPU
		{6B9FD358-774A-4B06-BA02-D78B5FAA9F85}.Release|iPhone.ActiveCfg = Release|Any CPU
		{6B9FD358-774A-4B06-BA02-D78B5FAA9F85}.Release|iPhone.Build.0 = Release|Any CPU
		{6B9FD358-774A-4B06-BA02-D78B5FAA9F85}.Release|iPhoneSimulator.ActiveCfg = Release|Any CPU
		{6B9FD358-774A-4B06-BA02-D78B5FAA9F85}.Release|iPhoneSimulator.Build.0 = Release|Any CPU
		{6B9FD358-774A-4B06-BA02-D78B5FAA9F85}.Release|x64.ActiveCfg = Release|Any CPU
		{6B9FD358-774A-4B06-BA02-D78B5FAA9F85}.Release|x64.Build.0 = Release|Any CPU
		{6B9FD358-774A-4B06-BA02-D78B5FAA9F85}.Release|x86.ActiveCfg = Release|Any CPU
		{6B9FD358-774A-4B06-BA02-D78B5FAA9F85}.Release|x86.Build.0 = Release|Any CPU
		{4EC7D108-1C68-4666-8676-500A09D4D2B9}.Debug|Any CPU.ActiveCfg = Debug|Any CPU
		{4EC7D108-1C68-4666-8676-500A09D4D2B9}.Debug|Any CPU.Build.0 = Debug|Any CPU
		{4EC7D108-1C68-4666-8676-500A09D4D2B9}.Debug|Any CPU.Deploy.0 = Debug|Any CPU
		{4EC7D108-1C68-4666-8676-500A09D4D2B9}.Debug|ARM.ActiveCfg = Debug|Any CPU
		{4EC7D108-1C68-4666-8676-500A09D4D2B9}.Debug|ARM.Build.0 = Debug|Any CPU
		{4EC7D108-1C68-4666-8676-500A09D4D2B9}.Debug|ARM.Deploy.0 = Debug|Any CPU
		{4EC7D108-1C68-4666-8676-500A09D4D2B9}.Debug|iPhone.ActiveCfg = Debug|Any CPU
		{4EC7D108-1C68-4666-8676-500A09D4D2B9}.Debug|iPhone.Build.0 = Debug|Any CPU
		{4EC7D108-1C68-4666-8676-500A09D4D2B9}.Debug|iPhoneSimulator.ActiveCfg = Debug|Any CPU
		{4EC7D108-1C68-4666-8676-500A09D4D2B9}.Debug|iPhoneSimulator.Build.0 = Debug|Any CPU
		{4EC7D108-1C68-4666-8676-500A09D4D2B9}.Debug|x64.ActiveCfg = Debug|Any CPU
		{4EC7D108-1C68-4666-8676-500A09D4D2B9}.Debug|x64.Build.0 = Debug|Any CPU
		{4EC7D108-1C68-4666-8676-500A09D4D2B9}.Debug|x64.Deploy.0 = Debug|Any CPU
		{4EC7D108-1C68-4666-8676-500A09D4D2B9}.Debug|x86.ActiveCfg = Debug|Any CPU
		{4EC7D108-1C68-4666-8676-500A09D4D2B9}.Debug|x86.Build.0 = Debug|Any CPU
		{4EC7D108-1C68-4666-8676-500A09D4D2B9}.Debug|x86.Deploy.0 = Debug|Any CPU
		{4EC7D108-1C68-4666-8676-500A09D4D2B9}.Release|Any CPU.ActiveCfg = Release|Any CPU
		{4EC7D108-1C68-4666-8676-500A09D4D2B9}.Release|Any CPU.Build.0 = Release|Any CPU
		{4EC7D108-1C68-4666-8676-500A09D4D2B9}.Release|ARM.ActiveCfg = Release|Any CPU
		{4EC7D108-1C68-4666-8676-500A09D4D2B9}.Release|ARM.Build.0 = Release|Any CPU
		{4EC7D108-1C68-4666-8676-500A09D4D2B9}.Release|ARM.Deploy.0 = Release|Any CPU
		{4EC7D108-1C68-4666-8676-500A09D4D2B9}.Release|iPhone.ActiveCfg = Release|Any CPU
		{4EC7D108-1C68-4666-8676-500A09D4D2B9}.Release|iPhone.Build.0 = Release|Any CPU
		{4EC7D108-1C68-4666-8676-500A09D4D2B9}.Release|iPhoneSimulator.ActiveCfg = Release|Any CPU
		{4EC7D108-1C68-4666-8676-500A09D4D2B9}.Release|iPhoneSimulator.Build.0 = Release|Any CPU
		{4EC7D108-1C68-4666-8676-500A09D4D2B9}.Release|x64.ActiveCfg = Release|Any CPU
		{4EC7D108-1C68-4666-8676-500A09D4D2B9}.Release|x64.Build.0 = Release|Any CPU
		{4EC7D108-1C68-4666-8676-500A09D4D2B9}.Release|x64.Deploy.0 = Release|Any CPU
		{4EC7D108-1C68-4666-8676-500A09D4D2B9}.Release|x86.ActiveCfg = Release|Any CPU
		{4EC7D108-1C68-4666-8676-500A09D4D2B9}.Release|x86.Build.0 = Release|Any CPU
		{4EC7D108-1C68-4666-8676-500A09D4D2B9}.Release|x86.Deploy.0 = Release|Any CPU
		{24C09130-BDE2-4E54-A761-860B0F0EF662}.Debug|Any CPU.ActiveCfg = Debug|iPhoneSimulator
		{24C09130-BDE2-4E54-A761-860B0F0EF662}.Debug|Any CPU.Build.0 = Debug|iPhoneSimulator
		{24C09130-BDE2-4E54-A761-860B0F0EF662}.Debug|ARM.ActiveCfg = Debug|iPhone
		{24C09130-BDE2-4E54-A761-860B0F0EF662}.Debug|iPhone.ActiveCfg = Debug|iPhone
		{24C09130-BDE2-4E54-A761-860B0F0EF662}.Debug|iPhone.Build.0 = Debug|iPhone
		{24C09130-BDE2-4E54-A761-860B0F0EF662}.Debug|iPhoneSimulator.ActiveCfg = Debug|iPhoneSimulator
		{24C09130-BDE2-4E54-A761-860B0F0EF662}.Debug|iPhoneSimulator.Build.0 = Debug|iPhoneSimulator
		{24C09130-BDE2-4E54-A761-860B0F0EF662}.Debug|x64.ActiveCfg = Debug|iPhone
		{24C09130-BDE2-4E54-A761-860B0F0EF662}.Debug|x86.ActiveCfg = Debug|iPhone
		{24C09130-BDE2-4E54-A761-860B0F0EF662}.Release|Any CPU.ActiveCfg = Release|iPhoneSimulator
		{24C09130-BDE2-4E54-A761-860B0F0EF662}.Release|Any CPU.Build.0 = Release|iPhoneSimulator
		{24C09130-BDE2-4E54-A761-860B0F0EF662}.Release|ARM.ActiveCfg = Release|iPhone
		{24C09130-BDE2-4E54-A761-860B0F0EF662}.Release|iPhone.ActiveCfg = Release|iPhone
		{24C09130-BDE2-4E54-A761-860B0F0EF662}.Release|iPhone.Build.0 = Release|iPhone
		{24C09130-BDE2-4E54-A761-860B0F0EF662}.Release|iPhoneSimulator.ActiveCfg = Release|iPhoneSimulator
		{24C09130-BDE2-4E54-A761-860B0F0EF662}.Release|iPhoneSimulator.Build.0 = Release|iPhoneSimulator
		{24C09130-BDE2-4E54-A761-860B0F0EF662}.Release|x64.ActiveCfg = Release|iPhone
		{24C09130-BDE2-4E54-A761-860B0F0EF662}.Release|x86.ActiveCfg = Release|iPhone
		{03A44514-6155-43BE-8DEA-DB1F3E4F87AD}.Debug|Any CPU.ActiveCfg = Debug|x86
		{03A44514-6155-43BE-8DEA-DB1F3E4F87AD}.Debug|Any CPU.Build.0 = Debug|x86
		{03A44514-6155-43BE-8DEA-DB1F3E4F87AD}.Debug|Any CPU.Deploy.0 = Debug|x86
		{03A44514-6155-43BE-8DEA-DB1F3E4F87AD}.Debug|ARM.ActiveCfg = Debug|ARM
		{03A44514-6155-43BE-8DEA-DB1F3E4F87AD}.Debug|ARM.Build.0 = Debug|ARM
		{03A44514-6155-43BE-8DEA-DB1F3E4F87AD}.Debug|ARM.Deploy.0 = Debug|ARM
		{03A44514-6155-43BE-8DEA-DB1F3E4F87AD}.Debug|iPhone.ActiveCfg = Debug|x86
		{03A44514-6155-43BE-8DEA-DB1F3E4F87AD}.Debug|iPhoneSimulator.ActiveCfg = Debug|x86
		{03A44514-6155-43BE-8DEA-DB1F3E4F87AD}.Debug|x64.ActiveCfg = Debug|x64
		{03A44514-6155-43BE-8DEA-DB1F3E4F87AD}.Debug|x64.Build.0 = Debug|x64
		{03A44514-6155-43BE-8DEA-DB1F3E4F87AD}.Debug|x64.Deploy.0 = Debug|x64
		{03A44514-6155-43BE-8DEA-DB1F3E4F87AD}.Debug|x86.ActiveCfg = Debug|x86
		{03A44514-6155-43BE-8DEA-DB1F3E4F87AD}.Debug|x86.Build.0 = Debug|x86
		{03A44514-6155-43BE-8DEA-DB1F3E4F87AD}.Debug|x86.Deploy.0 = Debug|x86
		{03A44514-6155-43BE-8DEA-DB1F3E4F87AD}.Release|Any CPU.ActiveCfg = Release|x86
		{03A44514-6155-43BE-8DEA-DB1F3E4F87AD}.Release|ARM.ActiveCfg = Release|ARM
		{03A44514-6155-43BE-8DEA-DB1F3E4F87AD}.Release|ARM.Build.0 = Release|ARM
		{03A44514-6155-43BE-8DEA-DB1F3E4F87AD}.Release|ARM.Deploy.0 = Release|ARM
		{03A44514-6155-43BE-8DEA-DB1F3E4F87AD}.Release|iPhone.ActiveCfg = Release|x86
		{03A44514-6155-43BE-8DEA-DB1F3E4F87AD}.Release|iPhoneSimulator.ActiveCfg = Release|x86
		{03A44514-6155-43BE-8DEA-DB1F3E4F87AD}.Release|x64.ActiveCfg = Release|x64
		{03A44514-6155-43BE-8DEA-DB1F3E4F87AD}.Release|x64.Build.0 = Release|x64
		{03A44514-6155-43BE-8DEA-DB1F3E4F87AD}.Release|x64.Deploy.0 = Release|x64
		{03A44514-6155-43BE-8DEA-DB1F3E4F87AD}.Release|x86.ActiveCfg = Release|x86
		{03A44514-6155-43BE-8DEA-DB1F3E4F87AD}.Release|x86.Build.0 = Release|x86
		{03A44514-6155-43BE-8DEA-DB1F3E4F87AD}.Release|x86.Deploy.0 = Release|x86
	EndGlobalSection
	GlobalSection(SolutionProperties) = preSolution
		HideSolutionNode = FALSE
	EndGlobalSection
	GlobalSection(ExtensibilityGlobals) = postSolution
		SolutionGuid = {529904E6-8EE9-4DDE-8AB5-AE75B0E4F1D5}
	EndGlobalSection
EndGlobal
