
Microsoft Visual Studio Solution File, Format Version 12.00
# Visual Studio 15
VisualStudioVersion = 15.0.26430.13
MinimumVisualStudioVersion = 10.0.40219.1
Project("{2150E333-8FDC-42A3-9474-1A3956D46DE8}") = "Solution Items", "Solution Items", "{6ADEFD4F-ED2E-42A3-A4E5-D34A29AF1F1F}"
	ProjectSection(SolutionItems) = preProject
		..\.editorconfig = ..\.editorconfig
		..\README.md = ..\README.md
		..\nuget\readme.txt = ..\nuget\readme.txt
	EndProjectSection
EndProject
Project("{9A19103F-16F7-4668-BE54-9A1E7A4F7556}") = "Plugin.Permissions", "Plugin.Permissions\Plugin.Permissions.csproj", "{52F807AD-504C-4DBE-8B0E-71B82CC78E9B}"
EndProject
Project("{2150E333-8FDC-42A3-9474-1A3956D46DE8}") = "Tests", "Tests", "{E5792C9E-334E-4D60-9C37-CFCA625596FE}"
EndProject
Project("{FAE04EC0-301F-11D3-BF4B-00C04F79EFBC}") = "PermissionsTest", "PermissionsTest\PermissionsTest.csproj", "{6B9FD358-774A-4B06-BA02-D78B5FAA9F85}"
EndProject
Project("{FAE04EC0-301F-11D3-BF4B-00C04F79EFBC}") = "PermissionsTest.Droid", "PermissionsTest.Droid\PermissionsTest.Droid.csproj", "{4EC7D108-1C68-4666-8676-500A09D4D2B9}"
EndProject
Project("{FAE04EC0-301F-11D3-BF4B-00C04F79EFBC}") = "PermissionsTest.iOS", "PermissionsTest.iOS\PermissionsTest.iOS.csproj", "{24C09130-BDE2-4E54-A761-860B0F0EF662}"
EndProject
Global
	GlobalSection(SolutionConfigurationPlatforms) = preSolution
		Ad-Hoc|Any CPU = Ad-Hoc|Any CPU
		Ad-Hoc|ARM = Ad-Hoc|ARM
		Ad-Hoc|iPhone = Ad-Hoc|iPhone
		Ad-Hoc|iPhoneSimulator = Ad-Hoc|iPhoneSimulator
		Ad-Hoc|Mixed Platforms = Ad-Hoc|Mixed Platforms
		Ad-Hoc|x64 = Ad-Hoc|x64
		Ad-Hoc|x86 = Ad-Hoc|x86
		AppStore|Any CPU = AppStore|Any CPU
		AppStore|ARM = AppStore|ARM
		AppStore|iPhone = AppStore|iPhone
		AppStore|iPhoneSimulator = AppStore|iPhoneSimulator
		AppStore|Mixed Platforms = AppStore|Mixed Platforms
		AppStore|x64 = AppStore|x64
		AppStore|x86 = AppStore|x86
		Debug|Any CPU = Debug|Any CPU
		Debug|ARM = Debug|ARM
		Debug|iPhone = Debug|iPhone
		Debug|iPhoneSimulator = Debug|iPhoneSimulator
		Debug|Mixed Platforms = Debug|Mixed Platforms
		Debug|x64 = Debug|x64
		Debug|x86 = Debug|x86
		Release|Any CPU = Release|Any CPU
		Release|ARM = Release|ARM
		Release|iPhone = Release|iPhone
		Release|iPhoneSimulator = Release|iPhoneSimulator
		Release|Mixed Platforms = Release|Mixed Platforms
		Release|x64 = Release|x64
		Release|x86 = Release|x86
	EndGlobalSection
	GlobalSection(ProjectConfigurationPlatforms) = postSolution
		{52F807AD-504C-4DBE-8B0E-71B82CC78E9B}.Ad-Hoc|Any CPU.ActiveCfg = Debug|Any CPU
		{52F807AD-504C-4DBE-8B0E-71B82CC78E9B}.Ad-Hoc|Any CPU.Build.0 = Debug|Any CPU
		{52F807AD-504C-4DBE-8B0E-71B82CC78E9B}.Ad-Hoc|ARM.ActiveCfg = Debug|Any CPU
		{52F807AD-504C-4DBE-8B0E-71B82CC78E9B}.Ad-Hoc|ARM.Build.0 = Debug|Any CPU
		{52F807AD-504C-4DBE-8B0E-71B82CC78E9B}.Ad-Hoc|iPhone.ActiveCfg = Debug|Any CPU
		{52F807AD-504C-4DBE-8B0E-71B82CC78E9B}.Ad-Hoc|iPhone.Build.0 = Debug|Any CPU
		{52F807AD-504C-4DBE-8B0E-71B82CC78E9B}.Ad-Hoc|iPhoneSimulator.ActiveCfg = Debug|Any CPU
		{52F807AD-504C-4DBE-8B0E-71B82CC78E9B}.Ad-Hoc|iPhoneSimulator.Build.0 = Debug|Any CPU
		{52F807AD-504C-4DBE-8B0E-71B82CC78E9B}.Ad-Hoc|Mixed Platforms.ActiveCfg = Debug|Any CPU
		{52F807AD-504C-4DBE-8B0E-71B82CC78E9B}.Ad-Hoc|Mixed Platforms.Build.0 = Debug|Any CPU
		{52F807AD-504C-4DBE-8B0E-71B82CC78E9B}.Ad-Hoc|x64.ActiveCfg = Debug|Any CPU
		{52F807AD-504C-4DBE-8B0E-71B82CC78E9B}.Ad-Hoc|x64.Build.0 = Debug|Any CPU
		{52F807AD-504C-4DBE-8B0E-71B82CC78E9B}.Ad-Hoc|x86.ActiveCfg = Debug|Any CPU
		{52F807AD-504C-4DBE-8B0E-71B82CC78E9B}.Ad-Hoc|x86.Build.0 = Debug|Any CPU
		{52F807AD-504C-4DBE-8B0E-71B82CC78E9B}.AppStore|Any CPU.ActiveCfg = Debug|Any CPU
		{52F807AD-504C-4DBE-8B0E-71B82CC78E9B}.AppStore|Any CPU.Build.0 = Debug|Any CPU
		{52F807AD-504C-4DBE-8B0E-71B82CC78E9B}.AppStore|ARM.ActiveCfg = Debug|Any CPU
		{52F807AD-504C-4DBE-8B0E-71B82CC78E9B}.AppStore|ARM.Build.0 = Debug|Any CPU
		{52F807AD-504C-4DBE-8B0E-71B82CC78E9B}.AppStore|iPhone.ActiveCfg = Debug|Any CPU
		{52F807AD-504C-4DBE-8B0E-71B82CC78E9B}.AppStore|iPhone.Build.0 = Debug|Any CPU
		{52F807AD-504C-4DBE-8B0E-71B82CC78E9B}.AppStore|iPhoneSimulator.ActiveCfg = Debug|Any CPU
		{52F807AD-504C-4DBE-8B0E-71B82CC78E9B}.AppStore|iPhoneSimulator.Build.0 = Debug|Any CPU
		{52F807AD-504C-4DBE-8B0E-71B82CC78E9B}.AppStore|Mixed Platforms.ActiveCfg = Debug|Any CPU
		{52F807AD-504C-4DBE-8B0E-71B82CC78E9B}.AppStore|Mixed Platforms.Build.0 = Debug|Any CPU
		{52F807AD-504C-4DBE-8B0E-71B82CC78E9B}.AppStore|x64.ActiveCfg = Debug|Any CPU
		{52F807AD-504C-4DBE-8B0E-71B82CC78E9B}.AppStore|x64.Build.0 = Debug|Any CPU
		{52F807AD-504C-4DBE-8B0E-71B82CC78E9B}.AppStore|x86.ActiveCfg = Debug|Any CPU
		{52F807AD-504C-4DBE-8B0E-71B82CC78E9B}.AppStore|x86.Build.0 = Debug|Any CPU
		{52F807AD-504C-4DBE-8B0E-71B82CC78E9B}.Debug|Any CPU.ActiveCfg = Debug|Any CPU
		{52F807AD-504C-4DBE-8B0E-71B82CC78E9B}.Debug|Any CPU.Build.0 = Debug|Any CPU
		{52F807AD-504C-4DBE-8B0E-71B82CC78E9B}.Debug|ARM.ActiveCfg = Debug|Any CPU
		{52F807AD-504C-4DBE-8B0E-71B82CC78E9B}.Debug|ARM.Build.0 = Debug|Any CPU
		{52F807AD-504C-4DBE-8B0E-71B82CC78E9B}.Debug|iPhone.ActiveCfg = Debug|Any CPU
		{52F807AD-504C-4DBE-8B0E-71B82CC78E9B}.Debug|iPhone.Build.0 = Debug|Any CPU
		{52F807AD-504C-4DBE-8B0E-71B82CC78E9B}.Debug|iPhoneSimulator.ActiveCfg = Debug|Any CPU
		{52F807AD-504C-4DBE-8B0E-71B82CC78E9B}.Debug|iPhoneSimulator.Build.0 = Debug|Any CPU
		{52F807AD-504C-4DBE-8B0E-71B82CC78E9B}.Debug|Mixed Platforms.ActiveCfg = Debug|Any CPU
		{52F807AD-504C-4DBE-8B0E-71B82CC78E9B}.Debug|Mixed Platforms.Build.0 = Debug|Any CPU
		{52F807AD-504C-4DBE-8B0E-71B82CC78E9B}.Debug|x64.ActiveCfg = Debug|Any CPU
		{52F807AD-504C-4DBE-8B0E-71B82CC78E9B}.Debug|x64.Build.0 = Debug|Any CPU
		{52F807AD-504C-4DBE-8B0E-71B82CC78E9B}.Debug|x86.ActiveCfg = Debug|Any CPU
		{52F807AD-504C-4DBE-8B0E-71B82CC78E9B}.Debug|x86.Build.0 = Debug|Any CPU
		{52F807AD-504C-4DBE-8B0E-71B82CC78E9B}.Release|Any CPU.ActiveCfg = Release|Any CPU
		{52F807AD-504C-4DBE-8B0E-71B82CC78E9B}.Release|Any CPU.Build.0 = Release|Any CPU
		{52F807AD-504C-4DBE-8B0E-71B82CC78E9B}.Release|ARM.ActiveCfg = Release|Any CPU
		{52F807AD-504C-4DBE-8B0E-71B82CC78E9B}.Release|ARM.Build.0 = Release|Any CPU
		{52F807AD-504C-4DBE-8B0E-71B82CC78E9B}.Release|iPhone.ActiveCfg = Release|Any CPU
		{52F807AD-504C-4DBE-8B0E-71B82CC78E9B}.Release|iPhone.Build.0 = Release|Any CPU
		{52F807AD-504C-4DBE-8B0E-71B82CC78E9B}.Release|iPhoneSimulator.ActiveCfg = Release|Any CPU
		{52F807AD-504C-4DBE-8B0E-71B82CC78E9B}.Release|iPhoneSimulator.Build.0 = Release|Any CPU
		{52F807AD-504C-4DBE-8B0E-71B82CC78E9B}.Release|Mixed Platforms.ActiveCfg = Release|Any CPU
		{52F807AD-504C-4DBE-8B0E-71B82CC78E9B}.Release|Mixed Platforms.Build.0 = Release|Any CPU
		{52F807AD-504C-4DBE-8B0E-71B82CC78E9B}.Release|x64.ActiveCfg = Release|Any CPU
		{52F807AD-504C-4DBE-8B0E-71B82CC78E9B}.Release|x64.Build.0 = Release|Any CPU
		{52F807AD-504C-4DBE-8B0E-71B82CC78E9B}.Release|x86.ActiveCfg = Release|Any CPU
		{52F807AD-504C-4DBE-8B0E-71B82CC78E9B}.Release|x86.Build.0 = Release|Any CPU
		{6B9FD358-774A-4B06-BA02-D78B5FAA9F85}.Ad-Hoc|Any CPU.ActiveCfg = Release|Any CPU
		{6B9FD358-774A-4B06-BA02-D78B5FAA9F85}.Ad-Hoc|Any CPU.Build.0 = Release|Any CPU
		{6B9FD358-774A-4B06-BA02-D78B5FAA9F85}.Ad-Hoc|ARM.ActiveCfg = Release|Any CPU
		{6B9FD358-774A-4B06-BA02-D78B5FAA9F85}.Ad-Hoc|ARM.Build.0 = Release|Any CPU
		{6B9FD358-774A-4B06-BA02-D78B5FAA9F85}.Ad-Hoc|iPhone.ActiveCfg = Release|Any CPU
		{6B9FD358-774A-4B06-BA02-D78B5FAA9F85}.Ad-Hoc|iPhone.Build.0 = Release|Any CPU
		{6B9FD358-774A-4B06-BA02-D78B5FAA9F85}.Ad-Hoc|iPhoneSimulator.ActiveCfg = Release|Any CPU
		{6B9FD358-774A-4B06-BA02-D78B5FAA9F85}.Ad-Hoc|iPhoneSimulator.Build.0 = Release|Any CPU
		{6B9FD358-774A-4B06-BA02-D78B5FAA9F85}.Ad-Hoc|Mixed Platforms.ActiveCfg = Release|Any CPU
		{6B9FD358-774A-4B06-BA02-D78B5FAA9F85}.Ad-Hoc|Mixed Platforms.Build.0 = Release|Any CPU
		{6B9FD358-774A-4B06-BA02-D78B5FAA9F85}.Ad-Hoc|x64.ActiveCfg = Release|Any CPU
		{6B9FD358-774A-4B06-BA02-D78B5FAA9F85}.Ad-Hoc|x64.Build.0 = Release|Any CPU
		{6B9FD358-774A-4B06-BA02-D78B5FAA9F85}.Ad-Hoc|x86.ActiveCfg = Release|Any CPU
		{6B9FD358-774A-4B06-BA02-D78B5FAA9F85}.Ad-Hoc|x86.Build.0 = Release|Any CPU
		{6B9FD358-774A-4B06-BA02-D78B5FAA9F85}.AppStore|Any CPU.ActiveCfg = Release|Any CPU
		{6B9FD358-774A-4B06-BA02-D78B5FAA9F85}.AppStore|Any CPU.Build.0 = Release|Any CPU
		{6B9FD358-774A-4B06-BA02-D78B5FAA9F85}.AppStore|ARM.ActiveCfg = Release|Any CPU
		{6B9FD358-774A-4B06-BA02-D78B5FAA9F85}.AppStore|ARM.Build.0 = Release|Any CPU
		{6B9FD358-774A-4B06-BA02-D78B5FAA9F85}.AppStore|iPhone.ActiveCfg = Release|Any CPU
		{6B9FD358-774A-4B06-BA02-D78B5FAA9F85}.AppStore|iPhone.Build.0 = Release|Any CPU
		{6B9FD358-774A-4B06-BA02-D78B5FAA9F85}.AppStore|iPhoneSimulator.ActiveCfg = Release|Any CPU
		{6B9FD358-774A-4B06-BA02-D78B5FAA9F85}.AppStore|iPhoneSimulator.Build.0 = Release|Any CPU
		{6B9FD358-774A-4B06-BA02-D78B5FAA9F85}.AppStore|Mixed Platforms.ActiveCfg = Release|Any CPU
		{6B9FD358-774A-4B06-BA02-D78B5FAA9F85}.AppStore|Mixed Platforms.Build.0 = Release|Any CPU
		{6B9FD358-774A-4B06-BA02-D78B5FAA9F85}.AppStore|x64.ActiveCfg = Release|Any CPU
		{6B9FD358-774A-4B06-BA02-D78B5FAA9F85}.AppStore|x64.Build.0 = Release|Any CPU
		{6B9FD358-774A-4B06-BA02-D78B5FAA9F85}.AppStore|x86.ActiveCfg = Release|Any CPU
		{6B9FD358-774A-4B06-BA02-D78B5FAA9F85}.AppStore|x86.Build.0 = Release|Any CPU
		{6B9FD358-774A-4B06-BA02-D78B5FAA9F85}.Debug|Any CPU.ActiveCfg = Debug|Any CPU
		{6B9FD358-774A-4B06-BA02-D78B5FAA9F85}.Debug|Any CPU.Build.0 = Debug|Any CPU
		{6B9FD358-774A-4B06-BA02-D78B5FAA9F85}.Debug|ARM.ActiveCfg = Debug|Any CPU
		{6B9FD358-774A-4B06-BA02-D78B5FAA9F85}.Debug|ARM.Build.0 = Debug|Any CPU
		{6B9FD358-774A-4B06-BA02-D78B5FAA9F85}.Debug|iPhone.ActiveCfg = Debug|Any CPU
		{6B9FD358-774A-4B06-BA02-D78B5FAA9F85}.Debug|iPhone.Build.0 = Debug|Any CPU
		{6B9FD358-774A-4B06-BA02-D78B5FAA9F85}.Debug|iPhoneSimulator.ActiveCfg = Debug|Any CPU
		{6B9FD358-774A-4B06-BA02-D78B5FAA9F85}.Debug|iPhoneSimulator.Build.0 = Debug|Any CPU
		{6B9FD358-774A-4B06-BA02-D78B5FAA9F85}.Debug|Mixed Platforms.ActiveCfg = Debug|Any CPU
		{6B9FD358-774A-4B06-BA02-D78B5FAA9F85}.Debug|Mixed Platforms.Build.0 = Debug|Any CPU
		{6B9FD358-774A-4B06-BA02-D78B5FAA9F85}.Debug|x64.ActiveCfg = Debug|Any CPU
		{6B9FD358-774A-4B06-BA02-D78B5FAA9F85}.Debug|x64.Build.0 = Debug|Any CPU
		{6B9FD358-774A-4B06-BA02-D78B5FAA9F85}.Debug|x86.ActiveCfg = Debug|Any CPU
		{6B9FD358-774A-4B06-BA02-D78B5FAA9F85}.Debug|x86.Build.0 = Debug|Any CPU
		{6B9FD358-774A-4B06-BA02-D78B5FAA9F85}.Release|Any CPU.ActiveCfg = Release|Any CPU
		{6B9FD358-774A-4B06-BA02-D78B5FAA9F85}.Release|Any CPU.Build.0 = Release|Any CPU
		{6B9FD358-774A-4B06-BA02-D78B5FAA9F85}.Release|ARM.ActiveCfg = Release|Any CPU
		{6B9FD358-774A-4B06-BA02-D78B5FAA9F85}.Release|ARM.Build.0 = Release|Any CPU
		{6B9FD358-774A-4B06-BA02-D78B5FAA9F85}.Release|iPhone.ActiveCfg = Release|Any CPU
		{6B9FD358-774A-4B06-BA02-D78B5FAA9F85}.Release|iPhone.Build.0 = Release|Any CPU
		{6B9FD358-774A-4B06-BA02-D78B5FAA9F85}.Release|iPhoneSimulator.ActiveCfg = Release|Any CPU
		{6B9FD358-774A-4B06-BA02-D78B5FAA9F85}.Release|iPhoneSimulator.Build.0 = Release|Any CPU
		{6B9FD358-774A-4B06-BA02-D78B5FAA9F85}.Release|Mixed Platforms.ActiveCfg = Release|Any CPU
		{6B9FD358-774A-4B06-BA02-D78B5FAA9F85}.Release|Mixed Platforms.Build.0 = Release|Any CPU
		{6B9FD358-774A-4B06-BA02-D78B5FAA9F85}.Release|x64.ActiveCfg = Release|Any CPU
		{6B9FD358-774A-4B06-BA02-D78B5FAA9F85}.Release|x64.Build.0 = Release|Any CPU
		{6B9FD358-774A-4B06-BA02-D78B5FAA9F85}.Release|x86.ActiveCfg = Release|Any CPU
		{6B9FD358-774A-4B06-BA02-D78B5FAA9F85}.Release|x86.Build.0 = Release|Any CPU
		{4EC7D108-1C68-4666-8676-500A09D4D2B9}.Ad-Hoc|Any CPU.ActiveCfg = Release|Any CPU
		{4EC7D108-1C68-4666-8676-500A09D4D2B9}.Ad-Hoc|Any CPU.Build.0 = Release|Any CPU
		{4EC7D108-1C68-4666-8676-500A09D4D2B9}.Ad-Hoc|Any CPU.Deploy.0 = Release|Any CPU
		{4EC7D108-1C68-4666-8676-500A09D4D2B9}.Ad-Hoc|ARM.ActiveCfg = Release|Any CPU
		{4EC7D108-1C68-4666-8676-500A09D4D2B9}.Ad-Hoc|ARM.Build.0 = Release|Any CPU
		{4EC7D108-1C68-4666-8676-500A09D4D2B9}.Ad-Hoc|ARM.Deploy.0 = Release|Any CPU
		{4EC7D108-1C68-4666-8676-500A09D4D2B9}.Ad-Hoc|iPhone.ActiveCfg = Release|Any CPU
		{4EC7D108-1C68-4666-8676-500A09D4D2B9}.Ad-Hoc|iPhone.Build.0 = Release|Any CPU
		{4EC7D108-1C68-4666-8676-500A09D4D2B9}.Ad-Hoc|iPhone.Deploy.0 = Release|Any CPU
		{4EC7D108-1C68-4666-8676-500A09D4D2B9}.Ad-Hoc|iPhoneSimulator.ActiveCfg = Release|Any CPU
		{4EC7D108-1C68-4666-8676-500A09D4D2B9}.Ad-Hoc|iPhoneSimulator.Build.0 = Release|Any CPU
		{4EC7D108-1C68-4666-8676-500A09D4D2B9}.Ad-Hoc|iPhoneSimulator.Deploy.0 = Release|Any CPU
		{4EC7D108-1C68-4666-8676-500A09D4D2B9}.Ad-Hoc|Mixed Platforms.ActiveCfg = Release|Any CPU
		{4EC7D108-1C68-4666-8676-500A09D4D2B9}.Ad-Hoc|Mixed Platforms.Build.0 = Release|Any CPU
		{4EC7D108-1C68-4666-8676-500A09D4D2B9}.Ad-Hoc|Mixed Platforms.Deploy.0 = Release|Any CPU
		{4EC7D108-1C68-4666-8676-500A09D4D2B9}.Ad-Hoc|x64.ActiveCfg = Release|Any CPU
		{4EC7D108-1C68-4666-8676-500A09D4D2B9}.Ad-Hoc|x64.Build.0 = Release|Any CPU
		{4EC7D108-1C68-4666-8676-500A09D4D2B9}.Ad-Hoc|x64.Deploy.0 = Release|Any CPU
		{4EC7D108-1C68-4666-8676-500A09D4D2B9}.Ad-Hoc|x86.ActiveCfg = Release|Any CPU
		{4EC7D108-1C68-4666-8676-500A09D4D2B9}.Ad-Hoc|x86.Build.0 = Release|Any CPU
		{4EC7D108-1C68-4666-8676-500A09D4D2B9}.Ad-Hoc|x86.Deploy.0 = Release|Any CPU
		{4EC7D108-1C68-4666-8676-500A09D4D2B9}.AppStore|Any CPU.ActiveCfg = Release|Any CPU
		{4EC7D108-1C68-4666-8676-500A09D4D2B9}.AppStore|Any CPU.Build.0 = Release|Any CPU
		{4EC7D108-1C68-4666-8676-500A09D4D2B9}.AppStore|Any CPU.Deploy.0 = Release|Any CPU
		{4EC7D108-1C68-4666-8676-500A09D4D2B9}.AppStore|ARM.ActiveCfg = Release|Any CPU
		{4EC7D108-1C68-4666-8676-500A09D4D2B9}.AppStore|ARM.Build.0 = Release|Any CPU
		{4EC7D108-1C68-4666-8676-500A09D4D2B9}.AppStore|ARM.Deploy.0 = Release|Any CPU
		{4EC7D108-1C68-4666-8676-500A09D4D2B9}.AppStore|iPhone.ActiveCfg = Release|Any CPU
		{4EC7D108-1C68-4666-8676-500A09D4D2B9}.AppStore|iPhone.Build.0 = Release|Any CPU
		{4EC7D108-1C68-4666-8676-500A09D4D2B9}.AppStore|iPhone.Deploy.0 = Release|Any CPU
		{4EC7D108-1C68-4666-8676-500A09D4D2B9}.AppStore|iPhoneSimulator.ActiveCfg = Release|Any CPU
		{4EC7D108-1C68-4666-8676-500A09D4D2B9}.AppStore|iPhoneSimulator.Build.0 = Release|Any CPU
		{4EC7D108-1C68-4666-8676-500A09D4D2B9}.AppStore|iPhoneSimulator.Deploy.0 = Release|Any CPU
		{4EC7D108-1C68-4666-8676-500A09D4D2B9}.AppStore|Mixed Platforms.ActiveCfg = Release|Any CPU
		{4EC7D108-1C68-4666-8676-500A09D4D2B9}.AppStore|Mixed Platforms.Build.0 = Release|Any CPU
		{4EC7D108-1C68-4666-8676-500A09D4D2B9}.AppStore|Mixed Platforms.Deploy.0 = Release|Any CPU
		{4EC7D108-1C68-4666-8676-500A09D4D2B9}.AppStore|x64.ActiveCfg = Release|Any CPU
		{4EC7D108-1C68-4666-8676-500A09D4D2B9}.AppStore|x64.Build.0 = Release|Any CPU
		{4EC7D108-1C68-4666-8676-500A09D4D2B9}.AppStore|x64.Deploy.0 = Release|Any CPU
		{4EC7D108-1C68-4666-8676-500A09D4D2B9}.AppStore|x86.ActiveCfg = Release|Any CPU
		{4EC7D108-1C68-4666-8676-500A09D4D2B9}.AppStore|x86.Build.0 = Release|Any CPU
		{4EC7D108-1C68-4666-8676-500A09D4D2B9}.AppStore|x86.Deploy.0 = Release|Any CPU
		{4EC7D108-1C68-4666-8676-500A09D4D2B9}.Debug|Any CPU.ActiveCfg = Debug|Any CPU
		{4EC7D108-1C68-4666-8676-500A09D4D2B9}.Debug|Any CPU.Build.0 = Debug|Any CPU
		{4EC7D108-1C68-4666-8676-500A09D4D2B9}.Debug|Any CPU.Deploy.0 = Debug|Any CPU
		{4EC7D108-1C68-4666-8676-500A09D4D2B9}.Debug|ARM.ActiveCfg = Debug|Any CPU
		{4EC7D108-1C68-4666-8676-500A09D4D2B9}.Debug|ARM.Build.0 = Debug|Any CPU
		{4EC7D108-1C68-4666-8676-500A09D4D2B9}.Debug|ARM.Deploy.0 = Debug|Any CPU
		{4EC7D108-1C68-4666-8676-500A09D4D2B9}.Debug|iPhone.ActiveCfg = Debug|Any CPU
		{4EC7D108-1C68-4666-8676-500A09D4D2B9}.Debug|iPhone.Build.0 = Debug|Any CPU
		{4EC7D108-1C68-4666-8676-500A09D4D2B9}.Debug|iPhone.Deploy.0 = Debug|Any CPU
		{4EC7D108-1C68-4666-8676-500A09D4D2B9}.Debug|iPhoneSimulator.ActiveCfg = Debug|Any CPU
		{4EC7D108-1C68-4666-8676-500A09D4D2B9}.Debug|iPhoneSimulator.Build.0 = Debug|Any CPU
		{4EC7D108-1C68-4666-8676-500A09D4D2B9}.Debug|iPhoneSimulator.Deploy.0 = Debug|Any CPU
		{4EC7D108-1C68-4666-8676-500A09D4D2B9}.Debug|Mixed Platforms.ActiveCfg = Debug|Any CPU
		{4EC7D108-1C68-4666-8676-500A09D4D2B9}.Debug|Mixed Platforms.Build.0 = Debug|Any CPU
		{4EC7D108-1C68-4666-8676-500A09D4D2B9}.Debug|Mixed Platforms.Deploy.0 = Debug|Any CPU
		{4EC7D108-1C68-4666-8676-500A09D4D2B9}.Debug|x64.ActiveCfg = Debug|Any CPU
		{4EC7D108-1C68-4666-8676-500A09D4D2B9}.Debug|x64.Build.0 = Debug|Any CPU
		{4EC7D108-1C68-4666-8676-500A09D4D2B9}.Debug|x64.Deploy.0 = Debug|Any CPU
		{4EC7D108-1C68-4666-8676-500A09D4D2B9}.Debug|x86.ActiveCfg = Debug|Any CPU
		{4EC7D108-1C68-4666-8676-500A09D4D2B9}.Debug|x86.Build.0 = Debug|Any CPU
		{4EC7D108-1C68-4666-8676-500A09D4D2B9}.Debug|x86.Deploy.0 = Debug|Any CPU
		{4EC7D108-1C68-4666-8676-500A09D4D2B9}.Release|Any CPU.ActiveCfg = Release|Any CPU
		{4EC7D108-1C68-4666-8676-500A09D4D2B9}.Release|Any CPU.Build.0 = Release|Any CPU
		{4EC7D108-1C68-4666-8676-500A09D4D2B9}.Release|Any CPU.Deploy.0 = Release|Any CPU
		{4EC7D108-1C68-4666-8676-500A09D4D2B9}.Release|ARM.ActiveCfg = Release|Any CPU
		{4EC7D108-1C68-4666-8676-500A09D4D2B9}.Release|ARM.Build.0 = Release|Any CPU
		{4EC7D108-1C68-4666-8676-500A09D4D2B9}.Release|ARM.Deploy.0 = Release|Any CPU
		{4EC7D108-1C68-4666-8676-500A09D4D2B9}.Release|iPhone.ActiveCfg = Release|Any CPU
		{4EC7D108-1C68-4666-8676-500A09D4D2B9}.Release|iPhone.Build.0 = Release|Any CPU
		{4EC7D108-1C68-4666-8676-500A09D4D2B9}.Release|iPhone.Deploy.0 = Release|Any CPU
		{4EC7D108-1C68-4666-8676-500A09D4D2B9}.Release|iPhoneSimulator.ActiveCfg = Release|Any CPU
		{4EC7D108-1C68-4666-8676-500A09D4D2B9}.Release|iPhoneSimulator.Build.0 = Release|Any CPU
		{4EC7D108-1C68-4666-8676-500A09D4D2B9}.Release|iPhoneSimulator.Deploy.0 = Release|Any CPU
		{4EC7D108-1C68-4666-8676-500A09D4D2B9}.Release|Mixed Platforms.ActiveCfg = Release|Any CPU
		{4EC7D108-1C68-4666-8676-500A09D4D2B9}.Release|Mixed Platforms.Build.0 = Release|Any CPU
		{4EC7D108-1C68-4666-8676-500A09D4D2B9}.Release|Mixed Platforms.Deploy.0 = Release|Any CPU
		{4EC7D108-1C68-4666-8676-500A09D4D2B9}.Release|x64.ActiveCfg = Release|Any CPU
		{4EC7D108-1C68-4666-8676-500A09D4D2B9}.Release|x64.Build.0 = Release|Any CPU
		{4EC7D108-1C68-4666-8676-500A09D4D2B9}.Release|x64.Deploy.0 = Release|Any CPU
		{4EC7D108-1C68-4666-8676-500A09D4D2B9}.Release|x86.ActiveCfg = Release|Any CPU
		{4EC7D108-1C68-4666-8676-500A09D4D2B9}.Release|x86.Build.0 = Release|Any CPU
		{4EC7D108-1C68-4666-8676-500A09D4D2B9}.Release|x86.Deploy.0 = Release|Any CPU
		{24C09130-BDE2-4E54-A761-860B0F0EF662}.Ad-Hoc|Any CPU.ActiveCfg = Ad-Hoc|iPhone
		{24C09130-BDE2-4E54-A761-860B0F0EF662}.Ad-Hoc|ARM.ActiveCfg = Ad-Hoc|iPhone
		{24C09130-BDE2-4E54-A761-860B0F0EF662}.Ad-Hoc|iPhone.ActiveCfg = Ad-Hoc|iPhone
		{24C09130-BDE2-4E54-A761-860B0F0EF662}.Ad-Hoc|iPhone.Build.0 = Ad-Hoc|iPhone
		{24C09130-BDE2-4E54-A761-860B0F0EF662}.Ad-Hoc|iPhoneSimulator.ActiveCfg = Ad-Hoc|iPhoneSimulator
		{24C09130-BDE2-4E54-A761-860B0F0EF662}.Ad-Hoc|iPhoneSimulator.Build.0 = Ad-Hoc|iPhoneSimulator
		{24C09130-BDE2-4E54-A761-860B0F0EF662}.Ad-Hoc|Mixed Platforms.ActiveCfg = Ad-Hoc|iPhone
		{24C09130-BDE2-4E54-A761-860B0F0EF662}.Ad-Hoc|Mixed Platforms.Build.0 = Ad-Hoc|iPhone
		{24C09130-BDE2-4E54-A761-860B0F0EF662}.Ad-Hoc|x64.ActiveCfg = Ad-Hoc|iPhone
		{24C09130-BDE2-4E54-A761-860B0F0EF662}.Ad-Hoc|x86.ActiveCfg = Ad-Hoc|iPhone
		{24C09130-BDE2-4E54-A761-860B0F0EF662}.AppStore|Any CPU.ActiveCfg = AppStore|iPhone
		{24C09130-BDE2-4E54-A761-860B0F0EF662}.AppStore|ARM.ActiveCfg = AppStore|iPhone
		{24C09130-BDE2-4E54-A761-860B0F0EF662}.AppStore|iPhone.ActiveCfg = AppStore|iPhone
		{24C09130-BDE2-4E54-A761-860B0F0EF662}.AppStore|iPhone.Build.0 = AppStore|iPhone
		{24C09130-BDE2-4E54-A761-860B0F0EF662}.AppStore|iPhoneSimulator.ActiveCfg = AppStore|iPhoneSimulator
		{24C09130-BDE2-4E54-A761-860B0F0EF662}.AppStore|iPhoneSimulator.Build.0 = AppStore|iPhoneSimulator
		{24C09130-BDE2-4E54-A761-860B0F0EF662}.AppStore|Mixed Platforms.ActiveCfg = AppStore|iPhone
		{24C09130-BDE2-4E54-A761-860B0F0EF662}.AppStore|Mixed Platforms.Build.0 = AppStore|iPhone
		{24C09130-BDE2-4E54-A761-860B0F0EF662}.AppStore|x64.ActiveCfg = AppStore|iPhone
		{24C09130-BDE2-4E54-A761-860B0F0EF662}.AppStore|x86.ActiveCfg = AppStore|iPhone
		{24C09130-BDE2-4E54-A761-860B0F0EF662}.Debug|Any CPU.ActiveCfg = Debug|iPhone
		{24C09130-BDE2-4E54-A761-860B0F0EF662}.Debug|ARM.ActiveCfg = Debug|iPhone
		{24C09130-BDE2-4E54-A761-860B0F0EF662}.Debug|iPhone.ActiveCfg = Debug|iPhone
		{24C09130-BDE2-4E54-A761-860B0F0EF662}.Debug|iPhone.Build.0 = Debug|iPhone
		{24C09130-BDE2-4E54-A761-860B0F0EF662}.Debug|iPhoneSimulator.ActiveCfg = Debug|iPhoneSimulator
		{24C09130-BDE2-4E54-A761-860B0F0EF662}.Debug|iPhoneSimulator.Build.0 = Debug|iPhoneSimulator
		{24C09130-BDE2-4E54-A761-860B0F0EF662}.Debug|Mixed Platforms.ActiveCfg = Debug|iPhone
		{24C09130-BDE2-4E54-A761-860B0F0EF662}.Debug|Mixed Platforms.Build.0 = Debug|iPhone
		{24C09130-BDE2-4E54-A761-860B0F0EF662}.Debug|x64.ActiveCfg = Debug|iPhone
		{24C09130-BDE2-4E54-A761-860B0F0EF662}.Debug|x86.ActiveCfg = Debug|iPhone
		{24C09130-BDE2-4E54-A761-860B0F0EF662}.Release|Any CPU.ActiveCfg = Release|iPhone
		{24C09130-BDE2-4E54-A761-860B0F0EF662}.Release|ARM.ActiveCfg = Release|iPhone
		{24C09130-BDE2-4E54-A761-860B0F0EF662}.Release|iPhone.ActiveCfg = Release|iPhone
		{24C09130-BDE2-4E54-A761-860B0F0EF662}.Release|iPhone.Build.0 = Release|iPhone
		{24C09130-BDE2-4E54-A761-860B0F0EF662}.Release|iPhoneSimulator.ActiveCfg = Release|iPhoneSimulator
		{24C09130-BDE2-4E54-A761-860B0F0EF662}.Release|iPhoneSimulator.Build.0 = Release|iPhoneSimulator
		{24C09130-BDE2-4E54-A761-860B0F0EF662}.Release|Mixed Platforms.ActiveCfg = Release|iPhone
		{24C09130-BDE2-4E54-A761-860B0F0EF662}.Release|Mixed Platforms.Build.0 = Release|iPhone
		{24C09130-BDE2-4E54-A761-860B0F0EF662}.Release|x64.ActiveCfg = Release|iPhone
		{24C09130-BDE2-4E54-A761-860B0F0EF662}.Release|x86.ActiveCfg = Release|iPhone
	EndGlobalSection
	GlobalSection(SolutionProperties) = preSolution
		HideSolutionNode = FALSE
	EndGlobalSection
	GlobalSection(NestedProjects) = preSolution
		{6B9FD358-774A-4B06-BA02-D78B5FAA9F85} = {E5792C9E-334E-4D60-9C37-CFCA625596FE}
		{4EC7D108-1C68-4666-8676-500A09D4D2B9} = {E5792C9E-334E-4D60-9C37-CFCA625596FE}
		{24C09130-BDE2-4E54-A761-860B0F0EF662} = {E5792C9E-334E-4D60-9C37-CFCA625596FE}
	EndGlobalSection
	GlobalSection(ExtensibilityGlobals) = postSolution
		SolutionGuid = {97BD3870-60A4-47FF-99F3-D5D5FF360A4A}
	EndGlobalSection
EndGlobal
