
Microsoft Visual Studio Solution File, Format Version 12.00
# Visual Studio 15
VisualStudioVersion = 15.0.26430.13
MinimumVisualStudioVersion = 10.0.40219.1
Project("{FAE04EC0-301F-11D3-BF4B-00C04F79EFBC}") = "Plugin.Permissions.iOS", "Plugin.Permissions.iOS\Plugin.Permissions.iOS.csproj", "{2882AEEB-D4CD-4EB9-8A6C-6653B33681F0}"
EndProject
Project("{FAE04EC0-301F-11D3-BF4B-00C04F79EFBC}") = "Plugin.Permissions.Android", "Plugin.Permissions.Android\Plugin.Permissions.Android.csproj", "{56A56F17-7DE1-4CA1-9617-BF32E971AC84}"
EndProject
Project("{2150E333-8FDC-42A3-9474-1A3956D46DE8}") = "Solution Items", "Solution Items", "{6ADEFD4F-ED2E-42A3-A4E5-D34A29AF1F1F}"
	ProjectSection(SolutionItems) = preProject
		..\.editorconfig = ..\.editorconfig
		..\appveyor.yml = ..\appveyor.yml
		..\build.cake = ..\build.cake
		..\nuget\plugin.nuspec = ..\nuget\plugin.nuspec
		..\README.md = ..\README.md
		..\nuget\readme.txt = ..\nuget\readme.txt
	EndProjectSection
EndProject
Project("{FAE04EC0-301F-11D3-BF4B-00C04F79EFBC}") = "Plugin.Permissions.UWP", "Plugin.Permissions.UWP\Plugin.Permissions.UWP.csproj", "{CBC648F7-E3BA-47D3-A3EA-9E7847F51755}"
EndProject
Project("{D954291E-2A0B-460D-934E-DC6B0785DB48}") = "Plugin.Permissions.Shared", "Plugin.Permissions.Shared\Plugin.Permissions.Shared.shproj", "{6FA1EA4D-D2FB-46F2-80C6-2BD39DAA151F}"
EndProject
Project("{FAE04EC0-301F-11D3-BF4B-00C04F79EFBC}") = "Plugin.Permissions", "Plugin.Permissions\Plugin.Permissions.csproj", "{52F807AD-504C-4DBE-8B0E-71B82CC78E9B}"
EndProject
Project("{FAE04EC0-301F-11D3-BF4B-00C04F79EFBC}") = "Plugin.Permissions.Abstractions", "Plugin.Permissions.Abstractions\Plugin.Permissions.Abstractions.csproj", "{D137DA3A-7BF2-476B-A4C5-8C2D0653397F}"
EndProject
Global
	GlobalSection(SharedMSBuildProjectFiles) = preSolution
		Plugin.Permissions.Shared\Plugin.Permissions.Shared.projitems*{2882aeeb-d4cd-4eb9-8a6c-6653b33681f0}*SharedItemsImports = 4
		Plugin.Permissions.Shared\Plugin.Permissions.Shared.projitems*{56a56f17-7de1-4ca1-9617-bf32e971ac84}*SharedItemsImports = 4
		Plugin.Permissions.Shared\Plugin.Permissions.Shared.projitems*{6fa1ea4d-d2fb-46f2-80c6-2bd39daa151f}*SharedItemsImports = 13
		Plugin.Permissions.Shared\Plugin.Permissions.Shared.projitems*{cbc648f7-e3ba-47d3-a3ea-9e7847f51755}*SharedItemsImports = 4
	EndGlobalSection
	GlobalSection(SolutionConfigurationPlatforms) = preSolution
		Ad-Hoc|Any CPU = Ad-Hoc|Any CPU
		Ad-Hoc|ARM = Ad-Hoc|ARM
		Ad-Hoc|iPhone = Ad-Hoc|iPhone
		Ad-Hoc|iPhoneSimulator = Ad-Hoc|iPhoneSimulator
		Ad-Hoc|Mixed Platforms = Ad-Hoc|Mixed Platforms
		Ad-Hoc|x64 = Ad-Hoc|x64
		Ad-Hoc|x86 = Ad-Hoc|x86
		AppStore|Any CPU = AppStore|Any CPU
		AppStore|ARM = AppStore|ARM
		AppStore|iPhone = AppStore|iPhone
		AppStore|iPhoneSimulator = AppStore|iPhoneSimulator
		AppStore|Mixed Platforms = AppStore|Mixed Platforms
		AppStore|x64 = AppStore|x64
		AppStore|x86 = AppStore|x86
		Debug|Any CPU = Debug|Any CPU
		Debug|ARM = Debug|ARM
		Debug|iPhone = Debug|iPhone
		Debug|iPhoneSimulator = Debug|iPhoneSimulator
		Debug|Mixed Platforms = Debug|Mixed Platforms
		Debug|x64 = Debug|x64
		Debug|x86 = Debug|x86
		Release|Any CPU = Release|Any CPU
		Release|ARM = Release|ARM
		Release|iPhone = Release|iPhone
		Release|iPhoneSimulator = Release|iPhoneSimulator
		Release|Mixed Platforms = Release|Mixed Platforms
		Release|x64 = Release|x64
		Release|x86 = Release|x86
	EndGlobalSection
	GlobalSection(ProjectConfigurationPlatforms) = postSolution
		{2882AEEB-D4CD-4EB9-8A6C-6653B33681F0}.Ad-Hoc|Any CPU.ActiveCfg = Release|Any CPU
		{2882AEEB-D4CD-4EB9-8A6C-6653B33681F0}.Ad-Hoc|Any CPU.Build.0 = Release|Any CPU
		{2882AEEB-D4CD-4EB9-8A6C-6653B33681F0}.Ad-Hoc|ARM.ActiveCfg = Release|Any CPU
		{2882AEEB-D4CD-4EB9-8A6C-6653B33681F0}.Ad-Hoc|iPhone.ActiveCfg = Release|Any CPU
		{2882AEEB-D4CD-4EB9-8A6C-6653B33681F0}.Ad-Hoc|iPhoneSimulator.ActiveCfg = Release|Any CPU
		{2882AEEB-D4CD-4EB9-8A6C-6653B33681F0}.Ad-Hoc|Mixed Platforms.ActiveCfg = Release|Any CPU
		{2882AEEB-D4CD-4EB9-8A6C-6653B33681F0}.Ad-Hoc|Mixed Platforms.Build.0 = Release|Any CPU
		{2882AEEB-D4CD-4EB9-8A6C-6653B33681F0}.Ad-Hoc|x64.ActiveCfg = Release|Any CPU
		{2882AEEB-D4CD-4EB9-8A6C-6653B33681F0}.Ad-Hoc|x86.ActiveCfg = Release|Any CPU
		{2882AEEB-D4CD-4EB9-8A6C-6653B33681F0}.AppStore|Any CPU.ActiveCfg = Release|Any CPU
		{2882AEEB-D4CD-4EB9-8A6C-6653B33681F0}.AppStore|Any CPU.Build.0 = Release|Any CPU
		{2882AEEB-D4CD-4EB9-8A6C-6653B33681F0}.AppStore|ARM.ActiveCfg = Release|Any CPU
		{2882AEEB-D4CD-4EB9-8A6C-6653B33681F0}.AppStore|iPhone.ActiveCfg = Release|Any CPU
		{2882AEEB-D4CD-4EB9-8A6C-6653B33681F0}.AppStore|iPhoneSimulator.ActiveCfg = Release|Any CPU
		{2882AEEB-D4CD-4EB9-8A6C-6653B33681F0}.AppStore|Mixed Platforms.ActiveCfg = Release|Any CPU
		{2882AEEB-D4CD-4EB9-8A6C-6653B33681F0}.AppStore|Mixed Platforms.Build.0 = Release|Any CPU
		{2882AEEB-D4CD-4EB9-8A6C-6653B33681F0}.AppStore|x64.ActiveCfg = Release|Any CPU
		{2882AEEB-D4CD-4EB9-8A6C-6653B33681F0}.AppStore|x86.ActiveCfg = Release|Any CPU
		{2882AEEB-D4CD-4EB9-8A6C-6653B33681F0}.Debug|Any CPU.ActiveCfg = Debug|Any CPU
		{2882AEEB-D4CD-4EB9-8A6C-6653B33681F0}.Debug|Any CPU.Build.0 = Debug|Any CPU
		{2882AEEB-D4CD-4EB9-8A6C-6653B33681F0}.Debug|ARM.ActiveCfg = Debug|Any CPU
		{2882AEEB-D4CD-4EB9-8A6C-6653B33681F0}.Debug|iPhone.ActiveCfg = Debug|Any CPU
		{2882AEEB-D4CD-4EB9-8A6C-6653B33681F0}.Debug|iPhoneSimulator.ActiveCfg = Debug|Any CPU
		{2882AEEB-D4CD-4EB9-8A6C-6653B33681F0}.Debug|Mixed Platforms.ActiveCfg = Debug|Any CPU
		{2882AEEB-D4CD-4EB9-8A6C-6653B33681F0}.Debug|Mixed Platforms.Build.0 = Debug|Any CPU
		{2882AEEB-D4CD-4EB9-8A6C-6653B33681F0}.Debug|x64.ActiveCfg = Debug|Any CPU
		{2882AEEB-D4CD-4EB9-8A6C-6653B33681F0}.Debug|x86.ActiveCfg = Debug|Any CPU
		{2882AEEB-D4CD-4EB9-8A6C-6653B33681F0}.Release|Any CPU.ActiveCfg = Release|Any CPU
		{2882AEEB-D4CD-4EB9-8A6C-6653B33681F0}.Release|Any CPU.Build.0 = Release|Any CPU
		{2882AEEB-D4CD-4EB9-8A6C-6653B33681F0}.Release|ARM.ActiveCfg = Release|Any CPU
		{2882AEEB-D4CD-4EB9-8A6C-6653B33681F0}.Release|iPhone.ActiveCfg = Release|Any CPU
		{2882AEEB-D4CD-4EB9-8A6C-6653B33681F0}.Release|iPhoneSimulator.ActiveCfg = Release|Any CPU
		{2882AEEB-D4CD-4EB9-8A6C-6653B33681F0}.Release|Mixed Platforms.ActiveCfg = Release|Any CPU
		{2882AEEB-D4CD-4EB9-8A6C-6653B33681F0}.Release|Mixed Platforms.Build.0 = Release|Any CPU
		{2882AEEB-D4CD-4EB9-8A6C-6653B33681F0}.Release|x64.ActiveCfg = Release|Any CPU
		{2882AEEB-D4CD-4EB9-8A6C-6653B33681F0}.Release|x86.ActiveCfg = Release|Any CPU
		{56A56F17-7DE1-4CA1-9617-BF32E971AC84}.Ad-Hoc|Any CPU.ActiveCfg = Release|Any CPU
		{56A56F17-7DE1-4CA1-9617-BF32E971AC84}.Ad-Hoc|Any CPU.Build.0 = Release|Any CPU
		{56A56F17-7DE1-4CA1-9617-BF32E971AC84}.Ad-Hoc|ARM.ActiveCfg = Release|Any CPU
		{56A56F17-7DE1-4CA1-9617-BF32E971AC84}.Ad-Hoc|iPhone.ActiveCfg = Release|Any CPU
		{56A56F17-7DE1-4CA1-9617-BF32E971AC84}.Ad-Hoc|iPhoneSimulator.ActiveCfg = Release|Any CPU
		{56A56F17-7DE1-4CA1-9617-BF32E971AC84}.Ad-Hoc|Mixed Platforms.ActiveCfg = Release|Any CPU
		{56A56F17-7DE1-4CA1-9617-BF32E971AC84}.Ad-Hoc|Mixed Platforms.Build.0 = Release|Any CPU
		{56A56F17-7DE1-4CA1-9617-BF32E971AC84}.Ad-Hoc|x64.ActiveCfg = Release|Any CPU
		{56A56F17-7DE1-4CA1-9617-BF32E971AC84}.Ad-Hoc|x86.ActiveCfg = Release|Any CPU
		{56A56F17-7DE1-4CA1-9617-BF32E971AC84}.AppStore|Any CPU.ActiveCfg = Release|Any CPU
		{56A56F17-7DE1-4CA1-9617-BF32E971AC84}.AppStore|Any CPU.Build.0 = Release|Any CPU
		{56A56F17-7DE1-4CA1-9617-BF32E971AC84}.AppStore|ARM.ActiveCfg = Release|Any CPU
		{56A56F17-7DE1-4CA1-9617-BF32E971AC84}.AppStore|iPhone.ActiveCfg = Release|Any CPU
		{56A56F17-7DE1-4CA1-9617-BF32E971AC84}.AppStore|iPhoneSimulator.ActiveCfg = Release|Any CPU
		{56A56F17-7DE1-4CA1-9617-BF32E971AC84}.AppStore|Mixed Platforms.ActiveCfg = Release|Any CPU
		{56A56F17-7DE1-4CA1-9617-BF32E971AC84}.AppStore|Mixed Platforms.Build.0 = Release|Any CPU
		{56A56F17-7DE1-4CA1-9617-BF32E971AC84}.AppStore|x64.ActiveCfg = Release|Any CPU
		{56A56F17-7DE1-4CA1-9617-BF32E971AC84}.AppStore|x86.ActiveCfg = Release|Any CPU
		{56A56F17-7DE1-4CA1-9617-BF32E971AC84}.Debug|Any CPU.ActiveCfg = Debug|Any CPU
		{56A56F17-7DE1-4CA1-9617-BF32E971AC84}.Debug|Any CPU.Build.0 = Debug|Any CPU
		{56A56F17-7DE1-4CA1-9617-BF32E971AC84}.Debug|ARM.ActiveCfg = Debug|Any CPU
		{56A56F17-7DE1-4CA1-9617-BF32E971AC84}.Debug|iPhone.ActiveCfg = Debug|Any CPU
		{56A56F17-7DE1-4CA1-9617-BF32E971AC84}.Debug|iPhoneSimulator.ActiveCfg = Debug|Any CPU
		{56A56F17-7DE1-4CA1-9617-BF32E971AC84}.Debug|Mixed Platforms.ActiveCfg = Debug|Any CPU
		{56A56F17-7DE1-4CA1-9617-BF32E971AC84}.Debug|Mixed Platforms.Build.0 = Debug|Any CPU
		{56A56F17-7DE1-4CA1-9617-BF32E971AC84}.Debug|x64.ActiveCfg = Debug|Any CPU
		{56A56F17-7DE1-4CA1-9617-BF32E971AC84}.Debug|x86.ActiveCfg = Debug|Any CPU
		{56A56F17-7DE1-4CA1-9617-BF32E971AC84}.Release|Any CPU.ActiveCfg = Release|Any CPU
		{56A56F17-7DE1-4CA1-9617-BF32E971AC84}.Release|Any CPU.Build.0 = Release|Any CPU
		{56A56F17-7DE1-4CA1-9617-BF32E971AC84}.Release|ARM.ActiveCfg = Release|Any CPU
		{56A56F17-7DE1-4CA1-9617-BF32E971AC84}.Release|iPhone.ActiveCfg = Release|Any CPU
		{56A56F17-7DE1-4CA1-9617-BF32E971AC84}.Release|iPhoneSimulator.ActiveCfg = Release|Any CPU
		{56A56F17-7DE1-4CA1-9617-BF32E971AC84}.Release|Mixed Platforms.ActiveCfg = Release|Any CPU
		{56A56F17-7DE1-4CA1-9617-BF32E971AC84}.Release|Mixed Platforms.Build.0 = Release|Any CPU
		{56A56F17-7DE1-4CA1-9617-BF32E971AC84}.Release|x64.ActiveCfg = Release|Any CPU
		{56A56F17-7DE1-4CA1-9617-BF32E971AC84}.Release|x86.ActiveCfg = Release|Any CPU
		{CBC648F7-E3BA-47D3-A3EA-9E7847F51755}.Ad-Hoc|Any CPU.ActiveCfg = Release|Any CPU
		{CBC648F7-E3BA-47D3-A3EA-9E7847F51755}.Ad-Hoc|Any CPU.Build.0 = Release|Any CPU
		{CBC648F7-E3BA-47D3-A3EA-9E7847F51755}.Ad-Hoc|ARM.ActiveCfg = Release|ARM
		{CBC648F7-E3BA-47D3-A3EA-9E7847F51755}.Ad-Hoc|ARM.Build.0 = Release|ARM
		{CBC648F7-E3BA-47D3-A3EA-9E7847F51755}.Ad-Hoc|iPhone.ActiveCfg = Release|Any CPU
		{CBC648F7-E3BA-47D3-A3EA-9E7847F51755}.Ad-Hoc|iPhone.Build.0 = Release|Any CPU
		{CBC648F7-E3BA-47D3-A3EA-9E7847F51755}.Ad-Hoc|iPhoneSimulator.ActiveCfg = Release|Any CPU
		{CBC648F7-E3BA-47D3-A3EA-9E7847F51755}.Ad-Hoc|iPhoneSimulator.Build.0 = Release|Any CPU
		{CBC648F7-E3BA-47D3-A3EA-9E7847F51755}.Ad-Hoc|Mixed Platforms.ActiveCfg = Release|x86
		{CBC648F7-E3BA-47D3-A3EA-9E7847F51755}.Ad-Hoc|Mixed Platforms.Build.0 = Release|x86
		{CBC648F7-E3BA-47D3-A3EA-9E7847F51755}.Ad-Hoc|x64.ActiveCfg = Release|x64
		{CBC648F7-E3BA-47D3-A3EA-9E7847F51755}.Ad-Hoc|x64.Build.0 = Release|x64
		{CBC648F7-E3BA-47D3-A3EA-9E7847F51755}.Ad-Hoc|x86.ActiveCfg = Release|x86
		{CBC648F7-E3BA-47D3-A3EA-9E7847F51755}.Ad-Hoc|x86.Build.0 = Release|x86
		{CBC648F7-E3BA-47D3-A3EA-9E7847F51755}.AppStore|Any CPU.ActiveCfg = Release|Any CPU
		{CBC648F7-E3BA-47D3-A3EA-9E7847F51755}.AppStore|Any CPU.Build.0 = Release|Any CPU
		{CBC648F7-E3BA-47D3-A3EA-9E7847F51755}.AppStore|ARM.ActiveCfg = Release|ARM
		{CBC648F7-E3BA-47D3-A3EA-9E7847F51755}.AppStore|ARM.Build.0 = Release|ARM
		{CBC648F7-E3BA-47D3-A3EA-9E7847F51755}.AppStore|iPhone.ActiveCfg = Release|Any CPU
		{CBC648F7-E3BA-47D3-A3EA-9E7847F51755}.AppStore|iPhone.Build.0 = Release|Any CPU
		{CBC648F7-E3BA-47D3-A3EA-9E7847F51755}.AppStore|iPhoneSimulator.ActiveCfg = Release|Any CPU
		{CBC648F7-E3BA-47D3-A3EA-9E7847F51755}.AppStore|iPhoneSimulator.Build.0 = Release|Any CPU
		{CBC648F7-E3BA-47D3-A3EA-9E7847F51755}.AppStore|Mixed Platforms.ActiveCfg = Release|x86
		{CBC648F7-E3BA-47D3-A3EA-9E7847F51755}.AppStore|Mixed Platforms.Build.0 = Release|x86
		{CBC648F7-E3BA-47D3-A3EA-9E7847F51755}.AppStore|x64.ActiveCfg = Release|x64
		{CBC648F7-E3BA-47D3-A3EA-9E7847F51755}.AppStore|x64.Build.0 = Release|x64
		{CBC648F7-E3BA-47D3-A3EA-9E7847F51755}.AppStore|x86.ActiveCfg = Release|x86
		{CBC648F7-E3BA-47D3-A3EA-9E7847F51755}.AppStore|x86.Build.0 = Release|x86
		{CBC648F7-E3BA-47D3-A3EA-9E7847F51755}.Debug|Any CPU.ActiveCfg = Debug|Any CPU
		{CBC648F7-E3BA-47D3-A3EA-9E7847F51755}.Debug|Any CPU.Build.0 = Debug|Any CPU
		{CBC648F7-E3BA-47D3-A3EA-9E7847F51755}.Debug|ARM.ActiveCfg = Debug|ARM
		{CBC648F7-E3BA-47D3-A3EA-9E7847F51755}.Debug|ARM.Build.0 = Debug|ARM
		{CBC648F7-E3BA-47D3-A3EA-9E7847F51755}.Debug|iPhone.ActiveCfg = Debug|Any CPU
		{CBC648F7-E3BA-47D3-A3EA-9E7847F51755}.Debug|iPhone.Build.0 = Debug|Any CPU
		{CBC648F7-E3BA-47D3-A3EA-9E7847F51755}.Debug|iPhoneSimulator.ActiveCfg = Debug|Any CPU
		{CBC648F7-E3BA-47D3-A3EA-9E7847F51755}.Debug|iPhoneSimulator.Build.0 = Debug|Any CPU
		{CBC648F7-E3BA-47D3-A3EA-9E7847F51755}.Debug|Mixed Platforms.ActiveCfg = Debug|x86
		{CBC648F7-E3BA-47D3-A3EA-9E7847F51755}.Debug|Mixed Platforms.Build.0 = Debug|x86
		{CBC648F7-E3BA-47D3-A3EA-9E7847F51755}.Debug|x64.ActiveCfg = Debug|x64
		{CBC648F7-E3BA-47D3-A3EA-9E7847F51755}.Debug|x64.Build.0 = Debug|x64
		{CBC648F7-E3BA-47D3-A3EA-9E7847F51755}.Debug|x86.ActiveCfg = Debug|x86
		{CBC648F7-E3BA-47D3-A3EA-9E7847F51755}.Debug|x86.Build.0 = Debug|x86
		{CBC648F7-E3BA-47D3-A3EA-9E7847F51755}.Release|Any CPU.ActiveCfg = Release|Any CPU
		{CBC648F7-E3BA-47D3-A3EA-9E7847F51755}.Release|Any CPU.Build.0 = Release|Any CPU
		{CBC648F7-E3BA-47D3-A3EA-9E7847F51755}.Release|ARM.ActiveCfg = Release|ARM
		{CBC648F7-E3BA-47D3-A3EA-9E7847F51755}.Release|ARM.Build.0 = Release|ARM
		{CBC648F7-E3BA-47D3-A3EA-9E7847F51755}.Release|iPhone.ActiveCfg = Release|Any CPU
		{CBC648F7-E3BA-47D3-A3EA-9E7847F51755}.Release|iPhone.Build.0 = Release|Any CPU
		{CBC648F7-E3BA-47D3-A3EA-9E7847F51755}.Release|iPhoneSimulator.ActiveCfg = Release|Any CPU
		{CBC648F7-E3BA-47D3-A3EA-9E7847F51755}.Release|iPhoneSimulator.Build.0 = Release|Any CPU
		{CBC648F7-E3BA-47D3-A3EA-9E7847F51755}.Release|Mixed Platforms.ActiveCfg = Release|x86
		{CBC648F7-E3BA-47D3-A3EA-9E7847F51755}.Release|Mixed Platforms.Build.0 = Release|x86
		{CBC648F7-E3BA-47D3-A3EA-9E7847F51755}.Release|x64.ActiveCfg = Release|x64
		{CBC648F7-E3BA-47D3-A3EA-9E7847F51755}.Release|x64.Build.0 = Release|x64
		{CBC648F7-E3BA-47D3-A3EA-9E7847F51755}.Release|x86.ActiveCfg = Release|x86
		{CBC648F7-E3BA-47D3-A3EA-9E7847F51755}.Release|x86.Build.0 = Release|x86
		{52F807AD-504C-4DBE-8B0E-71B82CC78E9B}.Ad-Hoc|Any CPU.ActiveCfg = Debug|Any CPU
		{52F807AD-504C-4DBE-8B0E-71B82CC78E9B}.Ad-Hoc|Any CPU.Build.0 = Debug|Any CPU
		{52F807AD-504C-4DBE-8B0E-71B82CC78E9B}.Ad-Hoc|ARM.ActiveCfg = Debug|Any CPU
		{52F807AD-504C-4DBE-8B0E-71B82CC78E9B}.Ad-Hoc|ARM.Build.0 = Debug|Any CPU
		{52F807AD-504C-4DBE-8B0E-71B82CC78E9B}.Ad-Hoc|iPhone.ActiveCfg = Debug|Any CPU
		{52F807AD-504C-4DBE-8B0E-71B82CC78E9B}.Ad-Hoc|iPhone.Build.0 = Debug|Any CPU
		{52F807AD-504C-4DBE-8B0E-71B82CC78E9B}.Ad-Hoc|iPhoneSimulator.ActiveCfg = Debug|Any CPU
		{52F807AD-504C-4DBE-8B0E-71B82CC78E9B}.Ad-Hoc|iPhoneSimulator.Build.0 = Debug|Any CPU
		{52F807AD-504C-4DBE-8B0E-71B82CC78E9B}.Ad-Hoc|Mixed Platforms.ActiveCfg = Debug|Any CPU
		{52F807AD-504C-4DBE-8B0E-71B82CC78E9B}.Ad-Hoc|Mixed Platforms.Build.0 = Debug|Any CPU
		{52F807AD-504C-4DBE-8B0E-71B82CC78E9B}.Ad-Hoc|x64.ActiveCfg = Debug|Any CPU
		{52F807AD-504C-4DBE-8B0E-71B82CC78E9B}.Ad-Hoc|x64.Build.0 = Debug|Any CPU
		{52F807AD-504C-4DBE-8B0E-71B82CC78E9B}.Ad-Hoc|x86.ActiveCfg = Debug|Any CPU
		{52F807AD-504C-4DBE-8B0E-71B82CC78E9B}.Ad-Hoc|x86.Build.0 = Debug|Any CPU
		{52F807AD-504C-4DBE-8B0E-71B82CC78E9B}.AppStore|Any CPU.ActiveCfg = Debug|Any CPU
		{52F807AD-504C-4DBE-8B0E-71B82CC78E9B}.AppStore|Any CPU.Build.0 = Debug|Any CPU
		{52F807AD-504C-4DBE-8B0E-71B82CC78E9B}.AppStore|ARM.ActiveCfg = Debug|Any CPU
		{52F807AD-504C-4DBE-8B0E-71B82CC78E9B}.AppStore|ARM.Build.0 = Debug|Any CPU
		{52F807AD-504C-4DBE-8B0E-71B82CC78E9B}.AppStore|iPhone.ActiveCfg = Debug|Any CPU
		{52F807AD-504C-4DBE-8B0E-71B82CC78E9B}.AppStore|iPhone.Build.0 = Debug|Any CPU
		{52F807AD-504C-4DBE-8B0E-71B82CC78E9B}.AppStore|iPhoneSimulator.ActiveCfg = Debug|Any CPU
		{52F807AD-504C-4DBE-8B0E-71B82CC78E9B}.AppStore|iPhoneSimulator.Build.0 = Debug|Any CPU
		{52F807AD-504C-4DBE-8B0E-71B82CC78E9B}.AppStore|Mixed Platforms.ActiveCfg = Debug|Any CPU
		{52F807AD-504C-4DBE-8B0E-71B82CC78E9B}.AppStore|Mixed Platforms.Build.0 = Debug|Any CPU
		{52F807AD-504C-4DBE-8B0E-71B82CC78E9B}.AppStore|x64.ActiveCfg = Debug|Any CPU
		{52F807AD-504C-4DBE-8B0E-71B82CC78E9B}.AppStore|x64.Build.0 = Debug|Any CPU
		{52F807AD-504C-4DBE-8B0E-71B82CC78E9B}.AppStore|x86.ActiveCfg = Debug|Any CPU
		{52F807AD-504C-4DBE-8B0E-71B82CC78E9B}.AppStore|x86.Build.0 = Debug|Any CPU
		{52F807AD-504C-4DBE-8B0E-71B82CC78E9B}.Debug|Any CPU.ActiveCfg = Debug|Any CPU
		{52F807AD-504C-4DBE-8B0E-71B82CC78E9B}.Debug|Any CPU.Build.0 = Debug|Any CPU
		{52F807AD-504C-4DBE-8B0E-71B82CC78E9B}.Debug|ARM.ActiveCfg = Debug|Any CPU
		{52F807AD-504C-4DBE-8B0E-71B82CC78E9B}.Debug|ARM.Build.0 = Debug|Any CPU
		{52F807AD-504C-4DBE-8B0E-71B82CC78E9B}.Debug|iPhone.ActiveCfg = Debug|Any CPU
		{52F807AD-504C-4DBE-8B0E-71B82CC78E9B}.Debug|iPhone.Build.0 = Debug|Any CPU
		{52F807AD-504C-4DBE-8B0E-71B82CC78E9B}.Debug|iPhoneSimulator.ActiveCfg = Debug|Any CPU
		{52F807AD-504C-4DBE-8B0E-71B82CC78E9B}.Debug|iPhoneSimulator.Build.0 = Debug|Any CPU
		{52F807AD-504C-4DBE-8B0E-71B82CC78E9B}.Debug|Mixed Platforms.ActiveCfg = Debug|Any CPU
		{52F807AD-504C-4DBE-8B0E-71B82CC78E9B}.Debug|Mixed Platforms.Build.0 = Debug|Any CPU
		{52F807AD-504C-4DBE-8B0E-71B82CC78E9B}.Debug|x64.ActiveCfg = Debug|Any CPU
		{52F807AD-504C-4DBE-8B0E-71B82CC78E9B}.Debug|x64.Build.0 = Debug|Any CPU
		{52F807AD-504C-4DBE-8B0E-71B82CC78E9B}.Debug|x86.ActiveCfg = Debug|Any CPU
		{52F807AD-504C-4DBE-8B0E-71B82CC78E9B}.Debug|x86.Build.0 = Debug|Any CPU
		{52F807AD-504C-4DBE-8B0E-71B82CC78E9B}.Release|Any CPU.ActiveCfg = Release|Any CPU
		{52F807AD-504C-4DBE-8B0E-71B82CC78E9B}.Release|Any CPU.Build.0 = Release|Any CPU
		{52F807AD-504C-4DBE-8B0E-71B82CC78E9B}.Release|ARM.ActiveCfg = Release|Any CPU
		{52F807AD-504C-4DBE-8B0E-71B82CC78E9B}.Release|ARM.Build.0 = Release|Any CPU
		{52F807AD-504C-4DBE-8B0E-71B82CC78E9B}.Release|iPhone.ActiveCfg = Release|Any CPU
		{52F807AD-504C-4DBE-8B0E-71B82CC78E9B}.Release|iPhone.Build.0 = Release|Any CPU
		{52F807AD-504C-4DBE-8B0E-71B82CC78E9B}.Release|iPhoneSimulator.ActiveCfg = Release|Any CPU
		{52F807AD-504C-4DBE-8B0E-71B82CC78E9B}.Release|iPhoneSimulator.Build.0 = Release|Any CPU
		{52F807AD-504C-4DBE-8B0E-71B82CC78E9B}.Release|Mixed Platforms.ActiveCfg = Release|Any CPU
		{52F807AD-504C-4DBE-8B0E-71B82CC78E9B}.Release|Mixed Platforms.Build.0 = Release|Any CPU
		{52F807AD-504C-4DBE-8B0E-71B82CC78E9B}.Release|x64.ActiveCfg = Release|Any CPU
		{52F807AD-504C-4DBE-8B0E-71B82CC78E9B}.Release|x64.Build.0 = Release|Any CPU
		{52F807AD-504C-4DBE-8B0E-71B82CC78E9B}.Release|x86.ActiveCfg = Release|Any CPU
		{52F807AD-504C-4DBE-8B0E-71B82CC78E9B}.Release|x86.Build.0 = Release|Any CPU
		{D137DA3A-7BF2-476B-A4C5-8C2D0653397F}.Ad-Hoc|Any CPU.ActiveCfg = Debug|Any CPU
		{D137DA3A-7BF2-476B-A4C5-8C2D0653397F}.Ad-Hoc|Any CPU.Build.0 = Debug|Any CPU
		{D137DA3A-7BF2-476B-A4C5-8C2D0653397F}.Ad-Hoc|ARM.ActiveCfg = Debug|Any CPU
		{D137DA3A-7BF2-476B-A4C5-8C2D0653397F}.Ad-Hoc|ARM.Build.0 = Debug|Any CPU
		{D137DA3A-7BF2-476B-A4C5-8C2D0653397F}.Ad-Hoc|iPhone.ActiveCfg = Debug|Any CPU
		{D137DA3A-7BF2-476B-A4C5-8C2D0653397F}.Ad-Hoc|iPhone.Build.0 = Debug|Any CPU
		{D137DA3A-7BF2-476B-A4C5-8C2D0653397F}.Ad-Hoc|iPhoneSimulator.ActiveCfg = Debug|Any CPU
		{D137DA3A-7BF2-476B-A4C5-8C2D0653397F}.Ad-Hoc|iPhoneSimulator.Build.0 = Debug|Any CPU
		{D137DA3A-7BF2-476B-A4C5-8C2D0653397F}.Ad-Hoc|Mixed Platforms.ActiveCfg = Debug|Any CPU
		{D137DA3A-7BF2-476B-A4C5-8C2D0653397F}.Ad-Hoc|Mixed Platforms.Build.0 = Debug|Any CPU
		{D137DA3A-7BF2-476B-A4C5-8C2D0653397F}.Ad-Hoc|x64.ActiveCfg = Debug|Any CPU
		{D137DA3A-7BF2-476B-A4C5-8C2D0653397F}.Ad-Hoc|x64.Build.0 = Debug|Any CPU
		{D137DA3A-7BF2-476B-A4C5-8C2D0653397F}.Ad-Hoc|x86.ActiveCfg = Debug|Any CPU
		{D137DA3A-7BF2-476B-A4C5-8C2D0653397F}.Ad-Hoc|x86.Build.0 = Debug|Any CPU
		{D137DA3A-7BF2-476B-A4C5-8C2D0653397F}.AppStore|Any CPU.ActiveCfg = Debug|Any CPU
		{D137DA3A-7BF2-476B-A4C5-8C2D0653397F}.AppStore|Any CPU.Build.0 = Debug|Any CPU
		{D137DA3A-7BF2-476B-A4C5-8C2D0653397F}.AppStore|ARM.ActiveCfg = Debug|Any CPU
		{D137DA3A-7BF2-476B-A4C5-8C2D0653397F}.AppStore|ARM.Build.0 = Debug|Any CPU
		{D137DA3A-7BF2-476B-A4C5-8C2D0653397F}.AppStore|iPhone.ActiveCfg = Debug|Any CPU
		{D137DA3A-7BF2-476B-A4C5-8C2D0653397F}.AppStore|iPhone.Build.0 = Debug|Any CPU
		{D137DA3A-7BF2-476B-A4C5-8C2D0653397F}.AppStore|iPhoneSimulator.ActiveCfg = Debug|Any CPU
		{D137DA3A-7BF2-476B-A4C5-8C2D0653397F}.AppStore|iPhoneSimulator.Build.0 = Debug|Any CPU
		{D137DA3A-7BF2-476B-A4C5-8C2D0653397F}.AppStore|Mixed Platforms.ActiveCfg = Debug|Any CPU
		{D137DA3A-7BF2-476B-A4C5-8C2D0653397F}.AppStore|Mixed Platforms.Build.0 = Debug|Any CPU
		{D137DA3A-7BF2-476B-A4C5-8C2D0653397F}.AppStore|x64.ActiveCfg = Debug|Any CPU
		{D137DA3A-7BF2-476B-A4C5-8C2D0653397F}.AppStore|x64.Build.0 = Debug|Any CPU
		{D137DA3A-7BF2-476B-A4C5-8C2D0653397F}.AppStore|x86.ActiveCfg = Debug|Any CPU
		{D137DA3A-7BF2-476B-A4C5-8C2D0653397F}.AppStore|x86.Build.0 = Debug|Any CPU
		{D137DA3A-7BF2-476B-A4C5-8C2D0653397F}.Debug|Any CPU.ActiveCfg = Debug|Any CPU
		{D137DA3A-7BF2-476B-A4C5-8C2D0653397F}.Debug|Any CPU.Build.0 = Debug|Any CPU
		{D137DA3A-7BF2-476B-A4C5-8C2D0653397F}.Debug|ARM.ActiveCfg = Debug|Any CPU
		{D137DA3A-7BF2-476B-A4C5-8C2D0653397F}.Debug|ARM.Build.0 = Debug|Any CPU
		{D137DA3A-7BF2-476B-A4C5-8C2D0653397F}.Debug|iPhone.ActiveCfg = Debug|Any CPU
		{D137DA3A-7BF2-476B-A4C5-8C2D0653397F}.Debug|iPhone.Build.0 = Debug|Any CPU
		{D137DA3A-7BF2-476B-A4C5-8C2D0653397F}.Debug|iPhoneSimulator.ActiveCfg = Debug|Any CPU
		{D137DA3A-7BF2-476B-A4C5-8C2D0653397F}.Debug|iPhoneSimulator.Build.0 = Debug|Any CPU
		{D137DA3A-7BF2-476B-A4C5-8C2D0653397F}.Debug|Mixed Platforms.ActiveCfg = Debug|Any CPU
		{D137DA3A-7BF2-476B-A4C5-8C2D0653397F}.Debug|Mixed Platforms.Build.0 = Debug|Any CPU
		{D137DA3A-7BF2-476B-A4C5-8C2D0653397F}.Debug|x64.ActiveCfg = Debug|Any CPU
		{D137DA3A-7BF2-476B-A4C5-8C2D0653397F}.Debug|x64.Build.0 = Debug|Any CPU
		{D137DA3A-7BF2-476B-A4C5-8C2D0653397F}.Debug|x86.ActiveCfg = Debug|Any CPU
		{D137DA3A-7BF2-476B-A4C5-8C2D0653397F}.Debug|x86.Build.0 = Debug|Any CPU
		{D137DA3A-7BF2-476B-A4C5-8C2D0653397F}.Release|Any CPU.ActiveCfg = Release|Any CPU
		{D137DA3A-7BF2-476B-A4C5-8C2D0653397F}.Release|Any CPU.Build.0 = Release|Any CPU
		{D137DA3A-7BF2-476B-A4C5-8C2D0653397F}.Release|ARM.ActiveCfg = Release|Any CPU
		{D137DA3A-7BF2-476B-A4C5-8C2D0653397F}.Release|ARM.Build.0 = Release|Any CPU
		{D137DA3A-7BF2-476B-A4C5-8C2D0653397F}.Release|iPhone.ActiveCfg = Release|Any CPU
		{D137DA3A-7BF2-476B-A4C5-8C2D0653397F}.Release|iPhone.Build.0 = Release|Any CPU
		{D137DA3A-7BF2-476B-A4C5-8C2D0653397F}.Release|iPhoneSimulator.ActiveCfg = Release|Any CPU
		{D137DA3A-7BF2-476B-A4C5-8C2D0653397F}.Release|iPhoneSimulator.Build.0 = Release|Any CPU
		{D137DA3A-7BF2-476B-A4C5-8C2D0653397F}.Release|Mixed Platforms.ActiveCfg = Release|Any CPU
		{D137DA3A-7BF2-476B-A4C5-8C2D0653397F}.Release|Mixed Platforms.Build.0 = Release|Any CPU
		{D137DA3A-7BF2-476B-A4C5-8C2D0653397F}.Release|x64.ActiveCfg = Release|Any CPU
		{D137DA3A-7BF2-476B-A4C5-8C2D0653397F}.Release|x64.Build.0 = Release|Any CPU
		{D137DA3A-7BF2-476B-A4C5-8C2D0653397F}.Release|x86.ActiveCfg = Release|Any CPU
		{D137DA3A-7BF2-476B-A4C5-8C2D0653397F}.Release|x86.Build.0 = Release|Any CPU
	EndGlobalSection
	GlobalSection(SolutionProperties) = preSolution
		HideSolutionNode = FALSE
	EndGlobalSection
EndGlobal
